# THIS IS AN AUTOGENERATED FILE. DO NOT EDIT THIS FILE DIRECTLY.
# yarn lockfile v1


"@react-native/normalize-color@^2.1.0":
  version "2.1.0"
  resolved "https://registry.yarnpkg.com/@react-native/normalize-color/-/normalize-color-2.1.0.tgz#939b87a9849e81687d3640c5efa2a486ac266f91"
  integrity sha512-Z1jQI2NpdFJCVgpY+8Dq/Bt3d+YUi1928Q+/CZm/oh66fzM0RUl54vvuXlPJKybH4pdCZey1eDTPaLHkMPNgWA==

"@tamagui/compose-refs@1.99.1":
  version "1.99.1"
  resolved "https://registry.yarnpkg.com/@tamagui/compose-refs/-/compose-refs-1.99.1.tgz#f8f453b00b4035d447049e29f01362f0785527d9"
  integrity sha512-aSnTVxFCPax6UjSZ5fX8FtxoOgu+9OLQV15qKWOz4oFwdFIGGmnwmvtXsYpWh+cGBLJbWwNSCik5Di1J9DUt5A==

"@tamagui/constants@1.99.1":
  version "1.99.1"
  resolved "https://registry.yarnpkg.com/@tamagui/constants/-/constants-1.99.1.tgz#2b4b51af84d9e9cca1427ffa6e84956c8614e75c"
  integrity sha512-IxyWNsP+5qJifsQx4UhEg9+ZOznE9pPLfQxkMPyuFOKpVF4AQLPl8QJEiTQ1r7H8dTivWNJR/dl/Nz6ZDp91Eg==

"@tamagui/core@1.99.1":
  version "1.99.1"
  resolved "https://registry.yarnpkg.com/@tamagui/core/-/core-1.99.1.tgz#52fd2a4413a20706d810e0b7c4f5020265caa3cb"
  integrity sha512-W5ZynxjA/fITliCse42sdT7SykQ8JfWnKPUApUuVCPvZ1FxdWwRpuO5GSUD/iXYXYO2Vxu1okIf+eGR8//zsQA==
  dependencies:
    "@tamagui/react-native-use-pressable" "1.99.1"
    "@tamagui/react-native-use-responder-events" "1.99.1"
    "@tamagui/use-event" "1.99.1"
    "@tamagui/web" "1.99.1"

"@tamagui/helpers-icon@1.99.1":
  version "1.99.1"
  resolved "https://registry.yarnpkg.com/@tamagui/helpers-icon/-/helpers-icon-1.99.1.tgz#485649aba426a7f6d8346339300ab0de71608fba"
  integrity sha512-w/CO9Dokt7TpS3vICR+f0fE6d5eSYqGAm9G5+Uf7GNa7tUZkCSWPRlC1iP+rO7WopS80egXMYvzFVp6hhbWfLA==
  dependencies:
    "@tamagui/core" "1.99.1"

"@tamagui/helpers@1.99.1":
  version "1.99.1"
  resolved "https://registry.yarnpkg.com/@tamagui/helpers/-/helpers-1.99.1.tgz#672207e2b3b1d27fbfaecd8513b2bb2e88ea935d"
  integrity sha512-yFk43p3z9wRDjaXfGMLKUuePsZrZNHqnKoeY3LyzPxQ69yZ+AgnVtfED813ndk6xjq93GDkgk7XVMXFs13xsiw==
  dependencies:
    "@tamagui/constants" "1.99.1"
    "@tamagui/simple-hash" "1.99.1"

"@tamagui/lucide-icons@^1.99.1":
  version "1.99.1"
  resolved "https://registry.yarnpkg.com/@tamagui/lucide-icons/-/lucide-icons-1.99.1.tgz#74eb1987c42402581fe48996689197d1524d3f53"
  integrity sha512-ByF9E2ZPwYIlMzJIrp4BxQ5IHCD7rqCDKjo12eVkKsZrZZyE5M6+dhFgbAUH/eMfKsKEFbrT9g31Et0+xP/UDw==
  dependencies:
    "@tamagui/core" "1.99.1"
    "@tamagui/helpers-icon" "1.99.1"

"@tamagui/normalize-css-color@1.99.1":
  version "1.99.1"
  resolved "https://registry.yarnpkg.com/@tamagui/normalize-css-color/-/normalize-css-color-1.99.1.tgz#4f863c800ef4ba2056f1e9b63b80e307a4ce5792"
  integrity sha512-6tvqueFcsTiszkwHh/CB0lSRDletfANJ36wgCzyGQMRvCX9+l8BYxpCkzHUcAplEtXanIVGW/yooemcsR9mRxA==
  dependencies:
    "@react-native/normalize-color" "^2.1.0"

"@tamagui/react-native-use-pressable@1.99.1":
  version "1.99.1"
  resolved "https://registry.yarnpkg.com/@tamagui/react-native-use-pressable/-/react-native-use-pressable-1.99.1.tgz#915c7123de622ce07825f010fdf3193c5bcfabc1"
  integrity sha512-igKZGaO2UV8vPvjEJYy/CGqXnu+09czrmlzl8H2J4taZ5L7qJD5CSKVXMVBWP0/neaz34bpcpPY81wAS8b51zg==

"@tamagui/react-native-use-responder-events@1.99.1":
  version "1.99.1"
  resolved "https://registry.yarnpkg.com/@tamagui/react-native-use-responder-events/-/react-native-use-responder-events-1.99.1.tgz#512da995b3cbbafec737031dcb17ee1971d875ca"
  integrity sha512-CFOeXjKPdudKpjgXFaozPavSUWrj0EEfsSGzTP6xpG9YxtlkkiwkVbyNkS7WRfnkXBBgTcXsaLbc9QJ3kektBw==

"@tamagui/simple-hash@1.99.1":
  version "1.99.1"
  resolved "https://registry.yarnpkg.com/@tamagui/simple-hash/-/simple-hash-1.99.1.tgz#8e9e2860347787b4d9e55bf2267e625f2e304178"
  integrity sha512-a2Y7NZXRe+OG9FMNL9mTPX51GNIct+XcmslGqJbhYCN6uF8VRPeBEp68f1iDSxXToG0yq2p8LlpMFkCAtP/1Zg==

"@tamagui/timer@1.99.1":
  version "1.99.1"
  resolved "https://registry.yarnpkg.com/@tamagui/timer/-/timer-1.99.1.tgz#aefadb41b55d68683da334aa6b272301cd2b37f7"
  integrity sha512-NP5hqsRkHSSzOdbj1CHqdiMXKjtTpDpUTZbK194KQ4au8i28iQqseu5uKwuws8ci8olBZxhoSqIMDTbAeCYViQ==

"@tamagui/types@1.99.1":
  version "1.99.1"
  resolved "https://registry.yarnpkg.com/@tamagui/types/-/types-1.99.1.tgz#4606758b73a7f93fe18fd5f761f953b38503e874"
  integrity sha512-VGvx/y91V/4HpbFPeai3HtYdV2cR5o3Rj8VWxqOgQ8kACHNSyjBuifEq1MFohey6wNHJ1Sfv+QsIou5qUnd+tA==

"@tamagui/use-did-finish-ssr@1.99.1":
  version "1.99.1"
  resolved "https://registry.yarnpkg.com/@tamagui/use-did-finish-ssr/-/use-did-finish-ssr-1.99.1.tgz#b9411d10384c53ddb5d3312ab6f965bdc401d412"
  integrity sha512-O5OkWJqB4ZrNDJg2xnxFCXs44Ai7q/ry9+u6CMzpVYYSqraKeaZU8Ke/GeSlJp/6RjTc317UTPM+BhLLbTO/0g==
  dependencies:
    "@tamagui/constants" "1.99.1"

"@tamagui/use-event@1.99.1":
  version "1.99.1"
  resolved "https://registry.yarnpkg.com/@tamagui/use-event/-/use-event-1.99.1.tgz#4b5802591c8cb182c8c623746bbb5875d235cc4b"
  integrity sha512-9AArZW4L65CdWh/AAHbr9wj4DFI5rPMlWfWSpIE5m9eQgBzt5toXvCeorupjsNhA9oSqwyrJOtamwu2oHomDrQ==
  dependencies:
    "@tamagui/constants" "1.99.1"

"@tamagui/use-force-update@1.99.1":
  version "1.99.1"
  resolved "https://registry.yarnpkg.com/@tamagui/use-force-update/-/use-force-update-1.99.1.tgz#3c9a047b39e21e463857aee4d2cb77d35fefe28b"
  integrity sha512-0DY7Nf8f0w/5GM4oRz1eq2DMTEi49CjcOYi/RKPMPY89lWSoYKIFlWRZXSK2eLFRXhtB85MXM5u2T9LDr/tu+g==

"@tamagui/web@1.99.1":
  version "1.99.1"
  resolved "https://registry.yarnpkg.com/@tamagui/web/-/web-1.99.1.tgz#1b697bb1d1dc746d0350ff15406545a5780c0a66"
  integrity sha512-tEvwIP6+51Sk5l8P2S/p8WKHIB7z5lIwVNsZt7QxAV6wVx8w8RDzeLjgkAOtwp57Iy+pY6lpCaFj/bCb5jX9Gw==
  dependencies:
    "@tamagui/compose-refs" "1.99.1"
    "@tamagui/constants" "1.99.1"
    "@tamagui/helpers" "1.99.1"
    "@tamagui/normalize-css-color" "1.99.1"
    "@tamagui/timer" "1.99.1"
    "@tamagui/types" "1.99.1"
    "@tamagui/use-did-finish-ssr" "1.99.1"
    "@tamagui/use-event" "1.99.1"
    "@tamagui/use-force-update" "1.99.1"

boolbase@^1.0.0:
  version "1.0.0"
  resolved "https://registry.yarnpkg.com/boolbase/-/boolbase-1.0.0.tgz#68dff5fbe60c51eb37725ea9e3ed310dcc1e776e"
  integrity sha512-JZOSA7Mo9sNGB8+UjSgzdLtokWAky1zbztM3WRLCbZ70/3cTANmQmOdR7y2g+J0e2WXywy1yS468tY+IruqEww==

css-select@^5.1.0:
  version "5.1.0"
  resolved "https://registry.yarnpkg.com/css-select/-/css-select-5.1.0.tgz#b8ebd6554c3637ccc76688804ad3f6a6fdaea8a6"
  integrity sha512-nwoRF1rvRRnnCqqY7updORDsuqKzqYJ28+oSMaJMMgOauh3fvwHqMS7EZpIPqK8GL+g9mKxF1vP/ZjSeNjEVHg==
  dependencies:
    boolbase "^1.0.0"
    css-what "^6.1.0"
    domhandler "^5.0.2"
    domutils "^3.0.1"
    nth-check "^2.0.1"

css-tree@^1.1.3:
  version "1.1.3"
  resolved "https://registry.yarnpkg.com/css-tree/-/css-tree-1.1.3.tgz#eb4870fb6fd7707327ec95c2ff2ab09b5e8db91d"
  integrity sha512-tRpdppF7TRazZrjJ6v3stzv93qxRcSsFmW6cX0Zm2NVKpxE1WV1HblnghVv9TreireHkqI/VDEsfolRF1p6y7Q==
  dependencies:
    mdn-data "2.0.14"
    source-map "^0.6.1"

css-what@^6.1.0:
  version "6.1.0"
  resolved "https://registry.yarnpkg.com/css-what/-/css-what-6.1.0.tgz#fb5effcf76f1ddea2c81bdfaa4de44e79bac70f4"
  integrity sha512-HTUrgRJ7r4dsZKU6GjmpfRK1O76h97Z8MfS1G0FozR+oF2kG6Vfe8JE6zwrkbxigziPHinCJ+gCPjA9EaBDtRw==

dom-serializer@^2.0.0:
  version "2.0.0"
  resolved "https://registry.yarnpkg.com/dom-serializer/-/dom-serializer-2.0.0.tgz#e41b802e1eedf9f6cae183ce5e622d789d7d8e53"
  integrity sha512-wIkAryiqt/nV5EQKqQpo3SToSOV9J0DnbJqwK7Wv/Trc92zIAYZ4FlMu+JPFW1DfGFt81ZTCGgDEabffXeLyJg==
  dependencies:
    domelementtype "^2.3.0"
    domhandler "^5.0.2"
    entities "^4.2.0"

domelementtype@^2.3.0:
  version "2.3.0"
  resolved "https://registry.yarnpkg.com/domelementtype/-/domelementtype-2.3.0.tgz#5c45e8e869952626331d7aab326d01daf65d589d"
  integrity sha512-OLETBj6w0OsagBwdXnPdN0cnMfF9opN69co+7ZrbfPGrdpPVNBUj02spi6B1N7wChLQiPn4CSH/zJvXw56gmHw==

domhandler@^5.0.2, domhandler@^5.0.3:
  version "5.0.3"
  resolved "https://registry.yarnpkg.com/domhandler/-/domhandler-5.0.3.tgz#cc385f7f751f1d1fc650c21374804254538c7d31"
  integrity sha512-cgwlv/1iFQiFnU96XXgROh8xTeetsnJiDsTc7TYCLFd9+/WNkIqPTxiM/8pSd8VIrhXGTf1Ny1q1hquVqDJB5w==
  dependencies:
    domelementtype "^2.3.0"

domutils@^3.0.1:
  version "3.1.0"
  resolved "https://registry.yarnpkg.com/domutils/-/domutils-3.1.0.tgz#c47f551278d3dc4b0b1ab8cbb42d751a6f0d824e"
  integrity sha512-H78uMmQtI2AhgDJjWeQmHwJJ2bLPD3GMmO7Zja/ZZh84wkm+4ut+IUnUdRa8uCGX88DiVx1j6FRe1XfxEgjEZA==
  dependencies:
    dom-serializer "^2.0.0"
    domelementtype "^2.3.0"
    domhandler "^5.0.3"

entities@^4.2.0:
  version "4.5.0"
  resolved "https://registry.yarnpkg.com/entities/-/entities-4.5.0.tgz#5d268ea5e7113ec74c4d033b79ea5a35a488fb48"
  integrity sha512-V0hjH4dGPh9Ao5p0MoRY6BVqtwCjhz6vI5LT8AJ55H+4g9/4vbHx1I54fS0XuclLhDHArPQCiMjDxjaL8fPxhw==

mdn-data@2.0.14:
  version "2.0.14"
  resolved "https://registry.yarnpkg.com/mdn-data/-/mdn-data-2.0.14.tgz#7113fc4281917d63ce29b43446f701e68c25ba50"
  integrity sha512-dn6wd0uw5GsdswPFfsgMp5NSB0/aDe6fK94YJV/AJDYXL6HVLWBsxeq7js7Ad+mU2K9LAlwpk6kN2D5mwCPVow==

nth-check@^2.0.1:
  version "2.1.1"
  resolved "https://registry.yarnpkg.com/nth-check/-/nth-check-2.1.1.tgz#c9eab428effce36cd6b92c924bdb000ef1f1ed1d"
  integrity sha512-lqjrjmaOoAnWfMmBPL+XNnynZh2+swxiX3WUE0s4yEHI6m+AwrK2UZOimIRl3X/4QctVqS8AiZjFqyOGrMXb/w==
  dependencies:
    boolbase "^1.0.0"

react-native-svg@^15.3.0:
  version "15.3.0"
  resolved "https://registry.yarnpkg.com/react-native-svg/-/react-native-svg-15.3.0.tgz#e24b833fe330714c99f1dd894bb0da52ad859a4c"
  integrity sha512-mBHu/fdlzUbpGX8SZFxgbKvK/sgqLfDLP8uh8G7Us+zJgdjO8OSEeqHQs+kPRdQmdLJQiqPJX2WXgCl7ToTWqw==
  dependencies:
    css-select "^5.1.0"
    css-tree "^1.1.3"

source-map@^0.6.1:
  version "0.6.1"
  resolved "https://registry.yarnpkg.com/source-map/-/source-map-0.6.1.tgz#74722af32e9614e9c287a8d0bbde48b5e2f1a263"
  integrity sha512-UjgapumWlbMhkBgzT7Ykc5YXUT46F0iKu8SGXq0bcwP5dz/h0Plj6enJqjz1Zbq2l5WaqYnrVbwWOWMyF3F47g==
